// !$*UTF8*$!
{
	archiveVersion = 1;
	classes = {
	};
	objectVersion = 50;
	objects = {

/* Begin PBXBuildFile section */
		BC63A233236B53DA00F84442 /* AppDelegate.swift in Sources */ = {isa = PBXBuildFile; fileRef = BC63A232236B53DA00F84442 /* AppDelegate.swift */; };
		BC63A237236B53DA00F84442 /* GameViewController.swift in Sources */ = {isa = PBXBuildFile; fileRef = BC63A236236B53DA00F84442 /* GameViewController.swift */; };
		BC63A23A236B53DA00F84442 /* Main.storyboard in Resources */ = {isa = PBXBuildFile; fileRef = BC63A238236B53DA00F84442 /* Main.storyboard */; };
		BC63A23C236B53DB00F84442 /* Assets.xcassets in Resources */ = {isa = PBXBuildFile; fileRef = BC63A23B236B53DB00F84442 /* Assets.xcassets */; };
		BC63A23F236B53DB00F84442 /* LaunchScreen.storyboard in Resources */ = {isa = PBXBuildFile; fileRef = BC63A23D236B53DB00F84442 /* LaunchScreen.storyboard */; };
		BCB367A8236CC3A700A9D6C0 /* States.swift in Sources */ = {isa = PBXBuildFile; fileRef = BCB367A7236CC3A700A9D6C0 /* States.swift */; };
		BCED3AEF236C97DA006D657E /* Cell.swift in Sources */ = {isa = PBXBuildFile; fileRef = BCED3AEE236C97DA006D657E /* Cell.swift */; };
/* End PBXBuildFile section */

/* Begin PBXFileReference section */
		BC63A22F236B53DA00F84442 /* BronzeChallenge.app */ = {isa = PBXFileReference; explicitFileType = wrapper.application; includeInIndex = 0; path = BronzeChallenge.app; sourceTree = BUILT_PRODUCTS_DIR; };
		BC63A232236B53DA00F84442 /* AppDelegate.swift */ = {isa = PBXFileReference; lastKnownFileType = sourcecode.swift; path = AppDelegate.swift; sourceTree = "<group>"; };
		BC63A236236B53DA00F84442 /* GameViewController.swift */ = {isa = PBXFileReference; lastKnownFileType = sourcecode.swift; path = GameViewController.swift; sourceTree = "<group>"; };
		BC63A239236B53DA00F84442 /* Base */ = {isa = PBXFileReference; lastKnownFileType = file.storyboard; name = Base; path = Base.lproj/Main.storyboard; sourceTree = "<group>"; };
		BC63A23B236B53DB00F84442 /* Assets.xcassets */ = {isa = PBXFileReference; lastKnownFileType = folder.assetcatalog; path = Assets.xcassets; sourceTree = "<group>"; };
		BC63A23E236B53DB00F84442 /* Base */ = {isa = PBXFileReference; lastKnownFileType = file.storyboard; name = Base; path = Base.lproj/LaunchScreen.storyboard; sourceTree = "<group>"; };
		BC63A240236B53DB00F84442 /* Info.plist */ = {isa = PBXFileReference; lastKnownFileType = text.plist.xml; path = Info.plist; sourceTree = "<group>"; };
		BCB367A7236CC3A700A9D6C0 /* States.swift */ = {isa = PBXFileReference; lastKnownFileType = sourcecode.swift; path = States.swift; sourceTree = "<group>"; };
		BCED3AEE236C97DA006D657E /* Cell.swift */ = {isa = PBXFileReference; lastKnownFileType = sourcecode.swift; path = Cell.swift; sourceTree = "<group>"; };
/* End PBXFileReference section */

/* Begin PBXFrameworksBuildPhase section */
		BC63A22C236B53DA00F84442 /* Frameworks */ = {
			isa = PBXFrameworksBuildPhase;
			buildActionMask = 2147483647;
			files = (
			);
			runOnlyForDeploymentPostprocessing = 0;
		};
/* End PBXFrameworksBuildPhase section */

/* Begin PBXGroup section */
		BC63A226236B53DA00F84442 = {
			isa = PBXGroup;
			children = (
				BC63A231236B53DA00F84442 /* BronzeChallenge */,
				BC63A230236B53DA00F84442 /* Products */,
			);
			sourceTree = "<group>";
		};
		BC63A230236B53DA00F84442 /* Products */ = {
			isa = PBXGroup;
			children = (
				BC63A22F236B53DA00F84442 /* BronzeChallenge.app */,
			);
			name = Products;
			sourceTree = "<group>";
		};
		BC63A231236B53DA00F84442 /* BronzeChallenge */ = {
			isa = PBXGroup;
			children = (
				BC63A232236B53DA00F84442 /* AppDelegate.swift */,
				BC63A236236B53DA00F84442 /* GameViewController.swift */,
				BC63A238236B53DA00F84442 /* Main.storyboard */,
				BC63A23B236B53DB00F84442 /* Assets.xcassets */,
				BCED3AEE236C97DA006D657E /* Cell.swift */,
				BCB367A7236CC3A700A9D6C0 /* States.swift */,
				BC63A23D236B53DB00F84442 /* LaunchScreen.storyboard */,
				BC63A240236B53DB00F84442 /* Info.plist */,
			);
			path = BronzeChallenge;
			sourceTree = "<group>";
		};
/* End PBXGroup section */

/* Begin PBXNativeTarget section */
		BC63A22E236B53DA00F84442 /* BronzeChallenge */ = {
			isa = PBXNativeTarget;
			buildConfigurationList = BC63A243236B53DB00F84442 /* Build configuration list for PBXNativeTarget "BronzeChallenge" */;
			buildPhases = (
				BC63A22B236B53DA00F84442 /* Sources */,
				BC63A22C236B53DA00F84442 /* Frameworks */,
				BC63A22D236B53DA00F84442 /* Resources */,
			);
			buildRules = (
			);
			dependencies = (
			);
			name = BronzeChallenge;
			productName = BronzeChallenge;
			productReference = BC63A22F236B53DA00F84442 /* BronzeChallenge.app */;
			productType = "com.apple.product-type.application";
		};
/* End PBXNativeTarget section */

/* Begin PBXProject section */
		BC63A227236B53DA00F84442 /* Project object */ = {
			isa = PBXProject;
			attributes = {
				LastSwiftUpdateCheck = 1100;
				LastUpgradeCheck = 1100;
				ORGANIZATIONNAME = "Guilherme Enes";
				TargetAttributes = {
					BC63A22E236B53DA00F84442 = {
						CreatedOnToolsVersion = 11.0;
					};
				};
			};
			buildConfigurationList = BC63A22A236B53DA00F84442 /* Build configuration list for PBXProject "BronzeChallenge" */;
			compatibilityVersion = "Xcode 9.3";
			developmentRegion = en;
			hasScannedForEncodings = 0;
			knownRegions = (
				en,
				Base,
			);
			mainGroup = BC63A226236B53DA00F84442;
			productRefGroup = BC63A230236B53DA00F84442 /* Products */;
			projectDirPath = "";
			projectRoot = "";
			targets = (
				BC63A22E236B53DA00F84442 /* BronzeChallenge */,
			);
		};
/* End PBXProject section */

/* Begin PBXResourcesBuildPhase section */
		BC63A22D236B53DA00F84442 /* Resources */ = {
			isa = PBXResourcesBuildPhase;
			buildActionMask = 2147483647;
			files = (
				BC63A23F236B53DB00F84442 /* LaunchScreen.storyboard in Resources */,
				BC63A23C236B53DB00F84442 /* Assets.xcassets in Resources */,
				BC63A23A236B53DA00F84442 /* Main.storyboard in Resources */,
			);
			runOnlyForDeploymentPostprocessing = 0;
		};
/* End PBXResourcesBuildPhase section */

/* Begin PBXSourcesBuildPhase section */
		BC63A22B236B53DA00F84442 /* Sources */ = {
			isa = PBXSourcesBuildPhase;
			buildActionMask = 2147483647;
			files = (
				BC63A237236B53DA00F84442 /* GameViewController.swift in Sources */,
				BC63A233236B53DA00F84442 /* AppDelegate.swift in Sources */,
				BCED3AEF236C97DA006D657E /* Cell.swift in Sources */,
				BCB367A8236CC3A700A9D6C0 /* States.swift in Sources */,
			);
			runOnlyForDeploymentPostprocessing = 0;
		};
/* End PBXSourcesBuildPhase section */

/* Begin PBXVariantGroup section */
		BC63A238236B53DA00F84442 /* Main.storyboard */ = {
			isa = PBXVariantGroup;
			children = (
				BC63A239236B53DA00F84442 /* Base */,
			);
			name = Main.storyboard;
			sourceTree = "<group>";
		};
		BC63A23D236B53DB00F84442 /* LaunchScreen.storyboard */ = {
			isa = PBXVariantGroup;
			children = (
				BC63A23E236B53DB00F84442 /* Base */,
			);
			name = LaunchScreen.storyboard;
			sourceTree = "<group>";
		};
/* End PBXVariantGroup section */

/* Begin XCBuildConfiguration section */
		BC63A241236B53DB00F84442 /* Debug */ = {
			isa = XCBuildConfiguration;
			buildSettings = {
				ALWAYS_SEARCH_USER_PATHS = NO;
				CLANG_ANALYZER_NONNULL = YES;
				CLANG_ANALYZER_NUMBER_OBJECT_CONVERSION = YES_AGGRESSIVE;
				CLANG_CXX_LANGUAGE_STANDARD = "gnu++14";
				CLANG_CXX_LIBRARY = "libc++";
				CLANG_ENABLE_MODULES = YES;
				CLANG_ENABLE_OBJC_ARC = YES;
				CLANG_ENABLE_OBJC_WEAK = YES;
				CLANG_WARN_BLOCK_CAPTURE_AUTORELEASING = YES;
				CLANG_WARN_BOOL_CONVERSION = YES;
				CLANG_WARN_COMMA = YES;
				CLANG_WARN_CONSTANT_CONVERSION = YES;
				CLANG_WARN_DEPRECATED_OBJC_IMPLEMENTATIONS = YES;
				CLANG_WARN_DIRECT_OBJC_ISA_USAGE = YES_ERROR;
				CLANG_WARN_DOCUMENTATION_COMMENTS = YES;
				CLANG_WARN_EMPTY_BODY = YES;
				CLANG_WARN_ENUM_CONVERSION = YES;
				CLANG_WARN_INFINITE_RECURSION = YES;
				CLANG_WARN_INT_CONVERSION = YES;
				CLANG_WARN_NON_LITERAL_NULL_CONVERSION = YES;
				CLANG_WARN_OBJC_IMPLICIT_RETAIN_SELF = YES;
				CLANG_WARN_OBJC_LITERAL_CONVERSION = YES;
				CLANG_WARN_OBJC_ROOT_CLASS = YES_ERROR;
				CLANG_WARN_RANGE_LOOP_ANALYSIS = YES;
				CLANG_WARN_STRICT_PROTOTYPES = YES;
				CLANG_WARN_SUSPICIOUS_MOVE = YES;
				CLANG_WARN_UNGUARDED_AVAILABILITY = YES_AGGRESSIVE;
				CLANG_WARN_UNREACHABLE_CODE = YES;
				CLANG_WARN__DUPLICATE_METHOD_MATCH = YES;
				COPY_PHASE_STRIP = NO;
				DEBUG_INFORMATION_FORMAT = dwarf;
				ENABLE_STRICT_OBJC_MSGSEND = YES;
				ENABLE_TESTABILITY = YES;
				GCC_C_LANGUAGE_STANDARD = gnu11;
				GCC_DYNAMIC_NO_PIC = NO;
				GCC_NO_COMMON_BLOCKS = YES;
				GCC_OPTIMIZATION_LEVEL = 0;
				GCC_PREPROCESSOR_DEFINITIONS = (
					"DEBUG=1",
					"$(inherited)",
				);
				GCC_WARN_64_TO_32_BIT_CONVERSION = YES;
				GCC_WARN_ABOUT_RETURN_TYPE = YES_ERROR;
				GCC_WARN_UNDECLARED_SELECTOR = YES;
				GCC_WARN_UNINITIALIZED_AUTOS = YES_AGGRESSIVE;
				GCC_WARN_UNUSED_FUNCTION = YES;
				GCC_WARN_UNUSED_VARIABLE = YES;
				IPHONEOS_DEPLOYMENT_TARGET = 13.0;
				MTL_ENABLE_DEBUG_INFO = INCLUDE_SOURCE;
				MTL_FAST_MATH = YES;
				ONLY_ACTIVE_ARCH = YES;
				SDKROOT = iphoneos;
				SWIFT_ACTIVE_COMPILATION_CONDITIONS = DEBUG;
				SWIFT_OPTIMIZATION_LEVEL = "-Onone";
			};
			name = Debug;
		};
		BC63A242236B53DB00F84442 /* Release */ = {
			isa = XCBuildConfiguration;
			buildSettings = {
				ALWAYS_SEARCH_USER_PATHS = NO;
				CLANG_ANALYZER_NONNULL = YES;
				CLANG_ANALYZER_NUMBER_OBJECT_CONVERSION = YES_AGGRESSIVE;
				CLANG_CXX_LANGUAGE_STANDARD = "gnu++14";
				CLANG_CXX_LIBRARY = "libc++";
				CLANG_ENABLE_MODULES = YES;
				CLANG_ENABLE_OBJC_ARC = YES;
				CLANG_ENABLE_OBJC_WEAK = YES;
				CLANG_WARN_BLOCK_CAPTURE_AUTORELEASING = YES;
				CLANG_WARN_BOOL_CONVERSION = YES;
				CLANG_WARN_COMMA = YES;
				CLANG_WARN_CONSTANT_CONVERSION = YES;
				CLANG_WARN_DEPRECATED_OBJC_IMPLEMENTATIONS = YES;
				CLANG_WARN_DIRECT_OBJC_ISA_USAGE = YES_ERROR;
				CLANG_WARN_DOCUMENTATION_COMMENTS = YES;
				CLANG_WARN_EMPTY_BODY = YES;
				CLANG_WARN_ENUM_CONVERSION = YES;
				CLANG_WARN_INFINITE_RECURSION = YES;
				CLANG_WARN_INT_CONVERSION = YES;
				CLANG_WARN_NON_LITERAL_NULL_CONVERSION = YES;
				CLANG_WARN_OBJC_IMPLICIT_RETAIN_SELF = YES;
				CLANG_WARN_OBJC_LITERAL_CONVERSION = YES;
				CLANG_WARN_OBJC_ROOT_CLASS = YES_ERROR;
				CLANG_WARN_RANGE_LOOP_ANALYSIS = YES;
				CLANG_WARN_STRICT_PROTOTYPES = YES;
				CLANG_WARN_SUSPICIOUS_MOVE = YES;
				CLANG_WARN_UNGUARDED_AVAILABILITY = YES_AGGRESSIVE;
				CLANG_WARN_UNREACHABLE_CODE = YES;
				CLANG_WARN__DUPLICATE_METHOD_MATCH = YES;
				COPY_PHASE_STRIP = NO;
				DEBUG_INFORMATION_FORMAT = "dwarf-with-dsym";
				ENABLE_NS_ASSERTIONS = NO;
				ENABLE_STRICT_OBJC_MSGSEND = YES;
				GCC_C_LANGUAGE_STANDARD = gnu11;
				GCC_NO_COMMON_BLOCKS = YES;
				GCC_WARN_64_TO_32_BIT_CONVERSION = YES;
				GCC_WARN_ABOUT_RETURN_TYPE = YES_ERROR;
				GCC_WARN_UNDECLARED_SELECTOR = YES;
				GCC_WARN_UNINITIALIZED_AUTOS = YES_AGGRESSIVE;
				GCC_WARN_UNUSED_FUNCTION = YES;
				GCC_WARN_UNUSED_VARIABLE = YES;
				IPHONEOS_DEPLOYMENT_TARGET = 13.0;
				MTL_ENABLE_DEBUG_INFO = NO;
				MTL_FAST_MATH = YES;
				SDKROOT = iphoneos;
				SWIFT_COMPILATION_MODE = wholemodule;
				SWIFT_OPTIMIZATION_LEVEL = "-O";
				VALIDATE_PRODUCT = YES;
			};
			name = Release;
		};
		BC63A244236B53DB00F84442 /* Debug */ = {
			isa = XCBuildConfiguration;
			buildSettings = {
				ASSETCATALOG_COMPILER_APPICON_NAME = AppIcon;
				CODE_SIGN_STYLE = Automatic;
				DEVELOPMENT_TEAM = V894BS73ZJ;
				INFOPLIST_FILE = BronzeChallenge/Info.plist;
				LD_RUNPATH_SEARCH_PATHS = (
					"$(inherited)",
					"@executable_path/Frameworks",
				);
				PRODUCT_BUNDLE_IDENTIFIER = br.developeracademy.BronzeChallenge;
				PRODUCT_NAME = "$(TARGET_NAME)";
				SWIFT_VERSION = 5.0;
				TARGETED_DEVICE_FAMILY = "1,2";
			};
			name = Debug;
		};
		BC63A245236B53DB00F84442 /* Release */ = {
			isa = XCBuildConfiguration;
			buildSettings = {
				ASSETCATALOG_COMPILER_APPICON_NAME = AppIcon;
				CODE_SIGN_STYLE = Automatic;
				DEVELOPMENT_TEAM = V894BS73ZJ;
				INFOPLIST_FILE = BronzeChallenge/Info.plist;
				LD_RUNPATH_SEARCH_PATHS = (
					"$(inherited)",
					"@executable_path/Frameworks",
				);
				PRODUCT_BUNDLE_IDENTIFIER = br.developeracademy.BronzeChallenge;
				PRODUCT_NAME = "$(TARGET_NAME)";
				SWIFT_VERSION = 5.0;
				TARGETED_DEVICE_FAMILY = "1,2";
			};
			name = Release;
		};
/* End XCBuildConfiguration section */

/* Begin XCConfigurationList section */
		BC63A22A236B53DA00F84442 /* Build configuration list for PBXProject "BronzeChallenge" */ = {
			isa = XCConfigurationList;
			buildConfigurations = (
				BC63A241236B53DB00F84442 /* Debug */,
				BC63A242236B53DB00F84442 /* Release */,
			);
			defaultConfigurationIsVisible = 0;
			defaultConfigurationName = Release;
		};
		BC63A243236B53DB00F84442 /* Build configuration list for PBXNativeTarget "BronzeChallenge" */ = {
			isa = XCConfigurationList;
			buildConfigurations = (
				BC63A244236B53DB00F84442 /* Debug */,
				BC63A245236B53DB00F84442 /* Release */,
			);
			defaultConfigurationIsVisible = 0;
			defaultConfigurationName = Release;
		};
/* End XCConfigurationList section */
	};
	rootObject = BC63A227236B53DA00F84442 /* Project object */;
}
